
Microsoft Visual Studio Solution File, Format Version 12.00
# Visual Studio Version 17
VisualStudioVersion = 17.14.36301.6
MinimumVisualStudioVersion = 10.0.40219.1
Project("{FAE04EC0-301F-11D3-BF4B-00C04F79EFBC}") = "InstitucionComercial_V1", "InstitucionComercial_V1\InstitucionComercial_V1.csproj", "{5534CF1F-FC9C-4017-8973-C32E28B31B56}"
EndProject
Project("{FAE04EC0-301F-11D3-BF4B-00C04F79EFBC}") = "InstitucionComercial_V2", "InstitucionComercial_V2\InstitucionComercial_V2.csproj", "{29A3BC96-64CA-5CC2-5ACB-6965F8D2EB1F}"
EndProject
Project("{FAE04EC0-301F-11D3-BF4B-00C04F79EFBC}") = "SistemaDeVentas", "SistemaDeVentas\SistemaDeVentas.csproj", "{7408EEF6-4127-2154-F120-3E708D10DE2F}"
EndProject
Global
	GlobalSection(SolutionConfigurationPlatforms) = preSolution
		Debug|Any CPU = Debug|Any CPU
		Release|Any CPU = Release|Any CPU
	EndGlobalSection
	GlobalSection(ProjectConfigurationPlatforms) = postSolution
		{5534CF1F-FC9C-4017-8973-C32E28B31B56}.Debug|Any CPU.ActiveCfg = Debug|Any CPU
		{5534CF1F-FC9C-4017-8973-C32E28B31B56}.Debug|Any CPU.Build.0 = Debug|Any CPU
		{5534CF1F-FC9C-4017-8973-C32E28B31B56}.Release|Any CPU.ActiveCfg = Release|Any CPU
		{5534CF1F-FC9C-4017-8973-C32E28B31B56}.Release|Any CPU.Build.0 = Release|Any CPU
		{29A3BC96-64CA-5CC2-5ACB-6965F8D2EB1F}.Debug|Any CPU.ActiveCfg = Debug|Any CPU
		{29A3BC96-64CA-5CC2-5ACB-6965F8D2EB1F}.Debug|Any CPU.Build.0 = Debug|Any CPU
		{29A3BC96-64CA-5CC2-5ACB-6965F8D2EB1F}.Release|Any CPU.ActiveCfg = Release|Any CPU
		{29A3BC96-64CA-5CC2-5ACB-6965F8D2EB1F}.Release|Any CPU.Build.0 = Release|Any CPU
		{7408EEF6-4127-2154-F120-3E708D10DE2F}.Debug|Any CPU.ActiveCfg = Debug|Any CPU
		{7408EEF6-4127-2154-F120-3E708D10DE2F}.Debug|Any CPU.Build.0 = Debug|Any CPU
		{7408EEF6-4127-2154-F120-3E708D10DE2F}.Release|Any CPU.ActiveCfg = Release|Any CPU
		{7408EEF6-4127-2154-F120-3E708D10DE2F}.Release|Any CPU.Build.0 = Release|Any CPU
	EndGlobalSection
	GlobalSection(SolutionProperties) = preSolution
		HideSolutionNode = FALSE
	EndGlobalSection
	GlobalSection(ExtensibilityGlobals) = postSolution
		SolutionGuid = {F838215F-33BE-474D-83B7-CED7F029D300}
	EndGlobalSection
EndGlobal
